{
  "name": "discord-cli",
  "version": "0.0.0",
  "lockfileVersion": 1,
  "requires": true,
  "dependencies": {
    "@medv/blessed": {
      "version": "2.0.0",
      "resolved": "https://registry.npmjs.org/@medv/blessed/-/blessed-2.0.0.tgz",
      "integrity": "sha512-Xb7tBu7QEJqQev0VdDPQP/SPtqiJyNdG7VUFhugnGWGCZ687E+NnwbfZ3qdfF+pqXU1TYBN5bqDlh/MKUE0JMA=="
    }
  }
}
